
Microsoft Visual Studio Solution File, Format Version 12.00
# Visual Studio Version 16
VisualStudioVersion = 16.0.29519.87
MinimumVisualStudioVersion = 10.0.40219.1
Project("{FAE04EC0-301F-11D3-BF4B-00C04F79EFBC}") = "MUGPeru.API", "MUGPeru.API\MUGPeru.API.csproj", "{A1D3A600-285B-46A0-AFCE-FBD896736106}"
EndProject
Global
	GlobalSection(SolutionConfigurationPlatforms) = preSolution
		Debug|Any CPU = Debug|Any CPU
		Release|Any CPU = Release|Any CPU
	EndGlobalSection
	GlobalSection(ProjectConfigurationPlatforms) = postSolution
		{A1D3A600-285B-46A0-AFCE-FBD896736106}.Debug|Any CPU.ActiveCfg = Debug|Any CPU
		{A1D3A600-285B-46A0-AFCE-FBD896736106}.Debug|Any CPU.Build.0 = Debug|Any CPU
		{A1D3A600-285B-46A0-AFCE-FBD896736106}.Release|Any CPU.ActiveCfg = Release|Any CPU
		{A1D3A600-285B-46A0-AFCE-FBD896736106}.Release|Any CPU.Build.0 = Release|Any CPU
	EndGlobalSection
	GlobalSection(SolutionProperties) = preSolution
		HideSolutionNode = FALSE
	EndGlobalSection
	GlobalSection(ExtensibilityGlobals) = postSolution
		SolutionGuid = {E861D252-4709-4156-BC9C-B79640455748}
	EndGlobalSection
EndGlobal
